<?xml version="1.0" encoding="utf-8"?>
<Project ToolsVersion="4.0" xmlns="http://schemas.microsoft.com/developer/msbuild/2003">
  <ItemGroup>
    <ClCompile Include="GameEngineImage.cpp" />
    <ClCompile Include="GameEngineInput.cpp" />
    <ClCompile Include="GameEngineSound.cpp" />
    <ClCompile Include="GameEngineWindow.cpp" />
  </ItemGroup>
  <ItemGroup>
    <ClInclude Include="GameEngineImage.h" />
    <ClInclude Include="GameEngineInput.h" />
    <ClInclude Include="GameEngineSound.h" />
    <ClInclude Include="GameEngineWindow.h" />
    <ClInclude Include="ThirdParty\FMOD\inc\fmod.h" />
    <ClInclude Include="ThirdParty\FMOD\inc\fmod.hpp" />
    <ClInclude Include="ThirdParty\FMOD\inc\fmod_codec.h" />
    <ClInclude Include="ThirdParty\FMOD\inc\fmod_common.h" />
    <ClInclude Include="ThirdParty\FMOD\inc\fmod_dsp.h" />
    <ClInclude Include="ThirdParty\FMOD\inc\fmod_dsp_effects.h" />
    <ClInclude Include="ThirdParty\FMOD\inc\fmod_errors.h" />
    <ClInclude Include="ThirdParty\FMOD\inc\fmod_output.h" />
  </ItemGroup>
</Project>