<?xml version="1.0" encoding="utf-8"?>
<Project ToolsVersion="4.0" xmlns="http://schemas.microsoft.com/developer/msbuild/2003">
  <ItemGroup>
    <ClCompile Include="GameEngineImage.cpp" />
    <ClCompile Include="GameEngineInput.cpp" />
    <ClCompile Include="GameEngineSound.cpp" />
    <ClCompile Include="GameEngineWindow.cpp" />
  </ItemGroup>
  <ItemGroup>
    <ClInclude Include="GameEngineImage.h" />
    <ClInclude Include="GameEngineInput.h" />
    <ClInclude Include="GameEngineSound.h" />
    <ClInclude Include="GameEngineWindow.h" />
    <ClInclude Include="ThirdParty\FMOD\inc\fmod.h">
      <Filter>ThirdParty\FMOD\Header</Filter>
    </ClInclude>
    <ClInclude Include="ThirdParty\FMOD\inc\fmod.hpp">
      <Filter>ThirdParty\FMOD\Header</Filter>
    </ClInclude>
    <ClInclude Include="ThirdParty\FMOD\inc\fmod_codec.h">
      <Filter>ThirdParty\FMOD\Header</Filter>
    </ClInclude>
    <ClInclude Include="ThirdParty\FMOD\inc\fmod_common.h">
      <Filter>ThirdParty\FMOD\Header</Filter>
    </ClInclude>
    <ClInclude Include="ThirdParty\FMOD\inc\fmod_dsp.h">
      <Filter>ThirdParty\FMOD\Header</Filter>
    </ClInclude>
    <ClInclude Include="ThirdParty\FMOD\inc\fmod_dsp_effects.h">
      <Filter>ThirdParty\FMOD\Header</Filter>
    </ClInclude>
    <ClInclude Include="ThirdParty\FMOD\inc\fmod_errors.h">
      <Filter>ThirdParty\FMOD\Header</Filter>
    </ClInclude>
    <ClInclude Include="ThirdParty\FMOD\inc\fmod_output.h">
      <Filter>ThirdParty\FMOD\Header</Filter>
    </ClInclude>
  </ItemGroup>
  <ItemGroup>
    <Filter Include="ThirdParty">
      <UniqueIdentifier>{8c014161-2caa-4b61-89bb-194780bc446b}</UniqueIdentifier>
    </Filter>
    <Filter Include="ThirdParty\FMOD">
      <UniqueIdentifier>{93c759d0-b56c-4f8a-8b55-9687b1024b30}</UniqueIdentifier>
    </Filter>
    <Filter Include="ThirdParty\FMOD\bin">
      <UniqueIdentifier>{f1b4b0dd-c2fa-43eb-9096-91104312d4db}</UniqueIdentifier>
    </Filter>
    <Filter Include="ThirdParty\FMOD\Header">
      <UniqueIdentifier>{9ba84d00-4a98-4f04-9035-941b14fde758}</UniqueIdentifier>
    </Filter>
  </ItemGroup>
  <ItemGroup>
    <Library Include="ThirdParty\FMOD\lib\x64\fmod_vc.lib">
      <Filter>ThirdParty\FMOD\bin</Filter>
    </Library>
    <Library Include="ThirdParty\FMOD\lib\x64\fmodL_vc.lib">
      <Filter>ThirdParty\FMOD\bin</Filter>
    </Library>
  </ItemGroup>
  <ItemGroup>
    <CopyFileToFolders Include="ThirdParty\FMOD\lib\x64\fmod.dll">
      <Filter>ThirdParty\FMOD\bin</Filter>
    </CopyFileToFolders>
    <CopyFileToFolders Include="ThirdParty\FMOD\lib\x64\fmodL.dll">
      <Filter>ThirdParty\FMOD\bin</Filter>
    </CopyFileToFolders>
  </ItemGroup>
</Project>