<?xml version="1.0" encoding="utf-8"?>
<Project ToolsVersion="4.0" xmlns="http://schemas.microsoft.com/developer/msbuild/2003">
  <ItemGroup>
    <ClCompile Include="GameEngineCore.cpp" />
    <ClCompile Include="GameEngineLevel.cpp">
      <Filter>Object</Filter>
    </ClCompile>
    <ClCompile Include="GameEngineObject.cpp">
      <Filter>Object</Filter>
    </ClCompile>
    <ClCompile Include="GameEngineResource.cpp">
      <Filter>Resources</Filter>
    </ClCompile>
    <ClCompile Include="GameEngineMesh.cpp">
      <Filter>Resources</Filter>
    </ClCompile>
    <ClCompile Include="GameEngineActor.cpp">
      <Filter>Object</Filter>
    </ClCompile>
    <ClCompile Include="GameEngineComponent.cpp">
      <Filter>Object</Filter>
    </ClCompile>
    <ClCompile Include="GameEngineTransform.cpp">
      <Filter>Object</Filter>
    </ClCompile>
    <ClCompile Include="GameEngineCamera.cpp">
      <Filter>Object\Rendering</Filter>
    </ClCompile>
    <ClCompile Include="GameEngineNameObject.cpp">
      <Filter>Object</Filter>
    </ClCompile>
    <ClCompile Include="GameEngineObjectBase.cpp">
      <Filter>Object</Filter>
    </ClCompile>
    <ClCompile Include="GameEngineUpdateObject.cpp">
      <Filter>Object</Filter>
    </ClCompile>
    <ClCompile Include="GameEngineTexture.cpp">
      <Filter>Resources</Filter>
    </ClCompile>
    <ClCompile Include="GameEngineRenderer.cpp">
      <Filter>Object\Rendering\Component</Filter>
    </ClCompile>
    <ClCompile Include="GameEngineDevice.cpp">
      <Filter>Device</Filter>
    </ClCompile>
    <ClCompile Include="GameEngineCore_Resources.cpp">
      <Filter>Object</Filter>
    </ClCompile>
    <ClCompile Include="PrecompileHeader.cpp" />
    <ClCompile Include="GameEngineDirectBuffer.cpp">
      <Filter>Resources</Filter>
    </ClCompile>
    <ClCompile Include="GameEngineRenderTarget.cpp">
      <Filter>Resources</Filter>
    </ClCompile>
    <ClCompile Include="GameEngineVertex.cpp">
      <Filter>Resources</Filter>
    </ClCompile>
    <ClCompile Include="GameEngineVertexBuffer.cpp">
      <Filter>Resources</Filter>
    </ClCompile>
    <ClCompile Include="GameEngineRenderingPipeLine.cpp">
      <Filter>Object\Rendering\Component</Filter>
    </ClCompile>
    <ClCompile Include="GameEngineShader.cpp">
      <Filter>Object\Rendering\Shader</Filter>
    </ClCompile>
    <ClCompile Include="GameEngineVertexShader.cpp">
      <Filter>Object\Rendering\Shader</Filter>
    </ClCompile>
    <ClCompile Include="GameEngineIndexBuffer.cpp">
      <Filter>Resources</Filter>
    </ClCompile>
  </ItemGroup>
  <ItemGroup>
    <ClInclude Include="GameEngineCore.h" />
    <ClInclude Include="GameEngineLevel.h">
      <Filter>Object</Filter>
    </ClInclude>
    <ClInclude Include="GameEngineObject.h">
      <Filter>Object</Filter>
    </ClInclude>
    <ClInclude Include="GameEngineResource.h">
      <Filter>Resources</Filter>
    </ClInclude>
    <ClInclude Include="GameEngineMesh.h">
      <Filter>Resources</Filter>
    </ClInclude>
    <ClInclude Include="GameEngineActor.h">
      <Filter>Object</Filter>
    </ClInclude>
    <ClInclude Include="GameEngineComponent.h">
      <Filter>Object</Filter>
    </ClInclude>
    <ClInclude Include="GameEngineTransform.h">
      <Filter>Object</Filter>
    </ClInclude>
    <ClInclude Include="GameEngineCamera.h">
      <Filter>Object\Rendering</Filter>
    </ClInclude>
    <ClInclude Include="GameEngineNameObject.h">
      <Filter>Object</Filter>
    </ClInclude>
    <ClInclude Include="GameEngineObjectBase.h">
      <Filter>Object</Filter>
    </ClInclude>
    <ClInclude Include="GameEngineUpdateObject.h">
      <Filter>Object</Filter>
    </ClInclude>
    <ClInclude Include="GameEngineTexture.h">
      <Filter>Resources</Filter>
    </ClInclude>
    <ClInclude Include="GameEngineRenderer.h">
      <Filter>Object\Rendering\Component</Filter>
    </ClInclude>
    <ClInclude Include="GameEngineDevice.h">
      <Filter>Device</Filter>
    </ClInclude>
    <ClInclude Include="PrecompileHeader.h" />
    <ClInclude Include="GameEngineDirectBuffer.h">
      <Filter>Resources</Filter>
    </ClInclude>
    <ClInclude Include="GameEngineRenderTarget.h">
      <Filter>Resources</Filter>
    </ClInclude>
    <ClInclude Include="GameEngineVertexBuffer.h">
      <Filter>Resources</Filter>
    </ClInclude>
    <ClInclude Include="GameEngineVertex.h">
      <Filter>Resources</Filter>
    </ClInclude>
    <ClInclude Include="GameEngineRenderingPipeLine.h">
      <Filter>Object\Rendering\Component</Filter>
    </ClInclude>
    <ClInclude Include="GameEngineShader.h">
      <Filter>Object\Rendering\Shader</Filter>
    </ClInclude>
    <ClInclude Include="GameEngineVertexShader.h">
      <Filter>Object\Rendering\Shader</Filter>
    </ClInclude>
    <ClInclude Include="GameEngineIndexBuffer.h">
      <Filter>Resources</Filter>
    </ClInclude>
  </ItemGroup>
  <ItemGroup>
    <Filter Include="Resources">
      <UniqueIdentifier>{a17a94de-438a-4f44-97d3-d9e2968fa645}</UniqueIdentifier>
    </Filter>
    <Filter Include="Object">
      <UniqueIdentifier>{372ee968-b803-420e-badb-2c5f978c795a}</UniqueIdentifier>
    </Filter>
    <Filter Include="Object\Rendering">
      <UniqueIdentifier>{997b5e0e-8606-43bc-a0e2-f979d4c5332b}</UniqueIdentifier>
    </Filter>
    <Filter Include="Object\Rendering\Component">
      <UniqueIdentifier>{a3e715c4-9b87-401f-8f30-5244382d04b9}</UniqueIdentifier>
    </Filter>
    <Filter Include="Device">
      <UniqueIdentifier>{71d2cb22-b7c3-43e5-84b3-58f40a170a1f}</UniqueIdentifier>
    </Filter>
    <Filter Include="Object\Rendering\Shader">
      <UniqueIdentifier>{8d41dbcf-5687-4e8f-9a7d-4435c0b71ba4}</UniqueIdentifier>
    </Filter>
  </ItemGroup>
</Project>