<?xml version="1.0" encoding="utf-8"?>
<Project ToolsVersion="4.0" xmlns="http://schemas.microsoft.com/developer/msbuild/2003">
  <ItemGroup>
    <ClCompile Include="TitleLevel.cpp">
      <Filter>Levels</Filter>
    </ClCompile>
    <ClCompile Include="Stat.cpp">
      <Filter>Battle\Unit</Filter>
    </ClCompile>
    <ClCompile Include="PrecompileHeader.cpp" />
    <ClCompile Include="FECore.cpp" />
    <ClCompile Include="Int2.cpp">
      <Filter>System</Filter>
    </ClCompile>
    <ClCompile Include="Item.cpp">
      <Filter>Battle\Item</Filter>
    </ClCompile>
    <ClCompile Include="Weapon.cpp">
      <Filter>Battle\Item</Filter>
    </ClCompile>
    <ClCompile Include="BattleUnit.cpp">
      <Filter>Battle\Unit</Filter>
    </ClCompile>
    <ClCompile Include="Unit.cpp">
      <Filter>Battle\Unit</Filter>
    </ClCompile>
    <ClCompile Include="SpriteRenderer.cpp">
      <Filter>Component</Filter>
    </ClCompile>
    <ClCompile Include="DebugWindow.cpp">
      <Filter>UI</Filter>
    </ClCompile>
    <ClCompile Include="FERandom.cpp">
      <Filter>System</Filter>
    </ClCompile>
    <ClCompile Include="UnitCommand.cpp">
      <Filter>Battle\System</Filter>
    </ClCompile>
    <ClCompile Include="Unit_StatCalculator.cpp">
      <Filter>Battle\Unit</Filter>
    </ClCompile>
    <ClCompile Include="NumberActor.cpp">
      <Filter>UI</Filter>
    </ClCompile>
    <ClCompile Include="AttackUI.cpp">
      <Filter>Battle\UI\Battle</Filter>
    </ClCompile>
    <ClCompile Include="FieldCommandUI.cpp">
      <Filter>Battle\UI\Battle</Filter>
    </ClCompile>
    <ClCompile Include="ItemUI.cpp">
      <Filter>Battle\UI\Battle</Filter>
    </ClCompile>
    <ClCompile Include="PhaseUI.cpp">
      <Filter>Battle\UI\Battle</Filter>
    </ClCompile>
    <ClCompile Include="SelectUI.cpp">
      <Filter>Battle\UI\Battle</Filter>
    </ClCompile>
    <ClCompile Include="UICursor.cpp">
      <Filter>Battle\UI\Battle</Filter>
    </ClCompile>
    <ClCompile Include="UnitCommandUI.cpp">
      <Filter>Battle\UI\Battle</Filter>
    </ClCompile>
    <ClCompile Include="StageSelectWindow.cpp">
      <Filter>UI</Filter>
    </ClCompile>
    <ClCompile Include="Stage0.cpp">
      <Filter>Levels\Stage</Filter>
    </ClCompile>
    <ClCompile Include="Stage1.cpp">
      <Filter>Levels\Stage</Filter>
    </ClCompile>
    <ClCompile Include="Stage2.cpp">
      <Filter>Levels\Stage</Filter>
    </ClCompile>
    <ClCompile Include="Stage3.cpp">
      <Filter>Levels\Stage</Filter>
    </ClCompile>
    <ClCompile Include="Stage4.cpp">
      <Filter>Levels\Stage</Filter>
    </ClCompile>
    <ClCompile Include="Stage5.cpp">
      <Filter>Levels\Stage</Filter>
    </ClCompile>
    <ClCompile Include="Stage6.cpp">
      <Filter>Levels\Stage</Filter>
    </ClCompile>
    <ClCompile Include="Stage7.cpp">
      <Filter>Levels\Stage</Filter>
    </ClCompile>
    <ClCompile Include="Stage8.cpp">
      <Filter>Levels\Stage</Filter>
    </ClCompile>
    <ClCompile Include="Stage9.cpp">
      <Filter>Levels\Stage</Filter>
    </ClCompile>
    <ClCompile Include="Stage10.cpp">
      <Filter>Levels\Stage</Filter>
    </ClCompile>
    <ClCompile Include="FEData.cpp">
      <Filter>System</Filter>
    </ClCompile>
    <ClCompile Include="EventSystem.cpp">
      <Filter>Event</Filter>
    </ClCompile>
    <ClCompile Include="DialogueSystem.cpp">
      <Filter>Event</Filter>
    </ClCompile>
    <ClCompile Include="UIButtonSystem.cpp">
      <Filter>UI</Filter>
    </ClCompile>
    <ClCompile Include="HealUI.cpp">
      <Filter>Battle\UI\Battle</Filter>
    </ClCompile>
    <ClCompile Include="ExchangeUI.cpp">
      <Filter>Battle\UI\Battle</Filter>
    </ClCompile>
    <ClCompile Include="BattleAnimationLevel.cpp">
      <Filter>Battle\Animation\Level</Filter>
    </ClCompile>
    <ClCompile Include="BattleAnimationUI.cpp">
      <Filter>Battle\Animation\UI</Filter>
    </ClCompile>
    <ClCompile Include="BattleAnimationUnit.cpp">
      <Filter>Battle\Animation\Actor</Filter>
    </ClCompile>
    <ClCompile Include="BattleHPBar.cpp">
      <Filter>Battle\Animation\UI</Filter>
    </ClCompile>
    <ClCompile Include="EXPBar.cpp">
      <Filter>Battle\Animation\UI</Filter>
    </ClCompile>
    <ClCompile Include="ArrowRender.cpp">
      <Filter>Battle\Map\UI</Filter>
    </ClCompile>
    <ClCompile Include="TileRender.cpp">
      <Filter>Battle\Map\UI</Filter>
    </ClCompile>
    <ClCompile Include="BattleMap.cpp">
      <Filter>Battle\Map\Actor</Filter>
    </ClCompile>
    <ClCompile Include="MapUnit.cpp">
      <Filter>Battle\Map\Actor</Filter>
    </ClCompile>
    <ClCompile Include="MapCursor.cpp">
      <Filter>Battle\Map\Actor</Filter>
    </ClCompile>
    <ClCompile Include="BattleLevel.cpp">
      <Filter>Battle\System\Level</Filter>
    </ClCompile>
    <ClCompile Include="BattleLevel_Battle.cpp">
      <Filter>Battle\System\Level\State</Filter>
    </ClCompile>
    <ClCompile Include="BattleLevel_FieldCommand.cpp">
      <Filter>Battle\System\Level\State</Filter>
    </ClCompile>
    <ClCompile Include="BattleLevel_FSM.cpp">
      <Filter>Battle\System\Level\State</Filter>
    </ClCompile>
    <ClCompile Include="BattleLevel_Map.cpp">
      <Filter>Battle\System\Level\State</Filter>
    </ClCompile>
    <ClCompile Include="BattleLevel_Select.cpp">
      <Filter>Battle\System\Level\State</Filter>
    </ClCompile>
    <ClCompile Include="BattleLevel_UnitCommand.cpp">
      <Filter>Battle\System\Level\State</Filter>
    </ClCompile>
    <ClCompile Include="BattleLevel_UnitInformation.cpp">
      <Filter>Battle\System\Level\State</Filter>
    </ClCompile>
    <ClCompile Include="LevelUpUI.cpp">
      <Filter>Battle\Animation\UI</Filter>
    </ClCompile>
    <ClCompile Include="DoubleIconActor.cpp">
      <Filter>Battle\UI\BattleAnimation</Filter>
    </ClCompile>
    <ClCompile Include="StatBar.cpp">
      <Filter>Battle\UI\Information</Filter>
    </ClCompile>
    <ClCompile Include="UnitInformationUI.cpp">
      <Filter>Battle\UI\Information</Filter>
    </ClCompile>
    <ClCompile Include="TextRenderer.cpp">
      <Filter>UI\Text</Filter>
    </ClCompile>
    <ClCompile Include="BattleLevelUI.cpp">
      <Filter>Battle\UI\Battle</Filter>
    </ClCompile>
    <ClCompile Include="FadeEffect.cpp">
      <Filter>PostEffect</Filter>
    </ClCompile>
    <ClCompile Include="TimeStoneUI.cpp">
      <Filter>Battle\UI\Battle</Filter>
    </ClCompile>
    <ClCompile Include="TimeCommand.cpp">
      <Filter>Battle\UI\Battle</Filter>
    </ClCompile>
    <ClCompile Include="DialogueBox.cpp">
      <Filter>UI\Text</Filter>
    </ClCompile>
    <ClCompile Include="BattleLevel_TimeStone.cpp">
      <Filter>Battle\System\Level\State</Filter>
    </ClCompile>
    <ClCompile Include="StoreUI.cpp">
      <Filter>Battle\UI\Store</Filter>
    </ClCompile>
    <ClCompile Include="TestStage.cpp">
      <Filter>Levels\Stage</Filter>
    </ClCompile>
    <ClCompile Include="DanceUI.cpp">
      <Filter>Battle\UI\Battle</Filter>
    </ClCompile>
    <ClCompile Include="BattleAnimationLevel_Event.cpp">
      <Filter>Battle\Animation\Level</Filter>
    </ClCompile>
    <ClCompile Include="PortraitAnimation.cpp">
      <Filter>UI</Filter>
    </ClCompile>
    <ClCompile Include="EndingLevel.cpp">
      <Filter>Levels</Filter>
    </ClCompile>
  </ItemGroup>
  <ItemGroup>
    <ClInclude Include="FECore.h" />
    <ClInclude Include="TitleLevel.h">
      <Filter>Levels</Filter>
    </ClInclude>
    <ClInclude Include="Stat.h">
      <Filter>Battle\Unit</Filter>
    </ClInclude>
    <ClInclude Include="PrecompileHeader.h" />
    <ClInclude Include="Int2.h">
      <Filter>System</Filter>
    </ClInclude>
    <ClInclude Include="Item.h">
      <Filter>Battle\Item</Filter>
    </ClInclude>
    <ClInclude Include="Weapon.h">
      <Filter>Battle\Item</Filter>
    </ClInclude>
    <ClInclude Include="ContentsEnum.h" />
    <ClInclude Include="BattleUnit.h">
      <Filter>Battle\Unit</Filter>
    </ClInclude>
    <ClInclude Include="Unit.h">
      <Filter>Battle\Unit</Filter>
    </ClInclude>
    <ClInclude Include="SpriteRenderer.h">
      <Filter>Component</Filter>
    </ClInclude>
    <ClInclude Include="DebugWindow.h">
      <Filter>UI</Filter>
    </ClInclude>
    <ClInclude Include="FERandom.h">
      <Filter>System</Filter>
    </ClInclude>
    <ClInclude Include="UnitCommand.h">
      <Filter>Battle\System</Filter>
    </ClInclude>
    <ClInclude Include="NumberActor.h">
      <Filter>UI</Filter>
    </ClInclude>
    <ClInclude Include="AttackUI.h">
      <Filter>Battle\UI\Battle</Filter>
    </ClInclude>
    <ClInclude Include="FieldCommandUI.h">
      <Filter>Battle\UI\Battle</Filter>
    </ClInclude>
    <ClInclude Include="ItemUI.h">
      <Filter>Battle\UI\Battle</Filter>
    </ClInclude>
    <ClInclude Include="PhaseUI.h">
      <Filter>Battle\UI\Battle</Filter>
    </ClInclude>
    <ClInclude Include="SelectUI.h">
      <Filter>Battle\UI\Battle</Filter>
    </ClInclude>
    <ClInclude Include="UICursor.h">
      <Filter>Battle\UI\Battle</Filter>
    </ClInclude>
    <ClInclude Include="UnitCommandUI.h">
      <Filter>Battle\UI\Battle</Filter>
    </ClInclude>
    <ClInclude Include="StageSelectWindow.h">
      <Filter>UI</Filter>
    </ClInclude>
    <ClInclude Include="Stage0.h">
      <Filter>Levels\Stage</Filter>
    </ClInclude>
    <ClInclude Include="Stage1.h">
      <Filter>Levels\Stage</Filter>
    </ClInclude>
    <ClInclude Include="Stage2.h">
      <Filter>Levels\Stage</Filter>
    </ClInclude>
    <ClInclude Include="Stage3.h">
      <Filter>Levels\Stage</Filter>
    </ClInclude>
    <ClInclude Include="Stage4.h">
      <Filter>Levels\Stage</Filter>
    </ClInclude>
    <ClInclude Include="Stage5.h">
      <Filter>Levels\Stage</Filter>
    </ClInclude>
    <ClInclude Include="Stage6.h">
      <Filter>Levels\Stage</Filter>
    </ClInclude>
    <ClInclude Include="Stage7.h">
      <Filter>Levels\Stage</Filter>
    </ClInclude>
    <ClInclude Include="Stage8.h">
      <Filter>Levels\Stage</Filter>
    </ClInclude>
    <ClInclude Include="Stage9.h">
      <Filter>Levels\Stage</Filter>
    </ClInclude>
    <ClInclude Include="Stage10.h">
      <Filter>Levels\Stage</Filter>
    </ClInclude>
    <ClInclude Include="FEData.h">
      <Filter>System</Filter>
    </ClInclude>
    <ClInclude Include="EventSystem.h">
      <Filter>Event</Filter>
    </ClInclude>
    <ClInclude Include="DialogueSystem.h">
      <Filter>Event</Filter>
    </ClInclude>
    <ClInclude Include="UIButtonSystem.h">
      <Filter>UI</Filter>
    </ClInclude>
    <ClInclude Include="HealUI.h">
      <Filter>Battle\UI\Battle</Filter>
    </ClInclude>
    <ClInclude Include="ExchangeUI.h">
      <Filter>Battle\UI\Battle</Filter>
    </ClInclude>
    <ClInclude Include="BattleAnimationLevel.h">
      <Filter>Battle\Animation\Level</Filter>
    </ClInclude>
    <ClInclude Include="BattleAnimationUI.h">
      <Filter>Battle\Animation\UI</Filter>
    </ClInclude>
    <ClInclude Include="BattleAnimationUnit.h">
      <Filter>Battle\Animation\Actor</Filter>
    </ClInclude>
    <ClInclude Include="BattleHPBar.h">
      <Filter>Battle\Animation\UI</Filter>
    </ClInclude>
    <ClInclude Include="EXPBar.h">
      <Filter>Battle\Animation\UI</Filter>
    </ClInclude>
    <ClInclude Include="ArrowRender.h">
      <Filter>Battle\Map\UI</Filter>
    </ClInclude>
    <ClInclude Include="TileRender.h">
      <Filter>Battle\Map\UI</Filter>
    </ClInclude>
    <ClInclude Include="BattleMap.h">
      <Filter>Battle\Map\Actor</Filter>
    </ClInclude>
    <ClInclude Include="MapUnit.h">
      <Filter>Battle\Map\Actor</Filter>
    </ClInclude>
    <ClInclude Include="MapCursor.h">
      <Filter>Battle\Map\Actor</Filter>
    </ClInclude>
    <ClInclude Include="BattleLevel.h">
      <Filter>Battle\System\Level</Filter>
    </ClInclude>
    <ClInclude Include="LevelUpUI.h">
      <Filter>Battle\Animation\UI</Filter>
    </ClInclude>
    <ClInclude Include="DoubleIconActor.h">
      <Filter>Battle\UI\BattleAnimation</Filter>
    </ClInclude>
    <ClInclude Include="StatBar.h">
      <Filter>Battle\UI\Information</Filter>
    </ClInclude>
    <ClInclude Include="UnitInformationUI.h">
      <Filter>Battle\UI\Information</Filter>
    </ClInclude>
    <ClInclude Include="TextRenderer.h">
      <Filter>UI\Text</Filter>
    </ClInclude>
    <ClInclude Include="BattleLevelUI.h">
      <Filter>Battle\UI\Battle</Filter>
    </ClInclude>
    <ClInclude Include="FadeEffect.h">
      <Filter>PostEffect</Filter>
    </ClInclude>
    <ClInclude Include="TimeStoneUI.h">
      <Filter>Battle\UI\Battle</Filter>
    </ClInclude>
    <ClInclude Include="TimeCommand.h">
      <Filter>Battle\UI\Battle</Filter>
    </ClInclude>
    <ClInclude Include="DialogueBox.h">
      <Filter>UI\Text</Filter>
    </ClInclude>
    <ClInclude Include="StoreUI.h">
      <Filter>Battle\UI\Store</Filter>
    </ClInclude>
    <ClInclude Include="TestStage.h">
      <Filter>Levels\Stage</Filter>
    </ClInclude>
    <ClInclude Include="DanceUI.h">
      <Filter>Battle\UI\Battle</Filter>
    </ClInclude>
    <ClInclude Include="PortraitAnimation.h">
      <Filter>UI</Filter>
    </ClInclude>
    <ClInclude Include="EndingLevel.h">
      <Filter>Levels</Filter>
    </ClInclude>
  </ItemGroup>
  <ItemGroup>
    <Filter Include="Levels">
      <UniqueIdentifier>{b816690e-a0dd-45b5-b55c-a0c2ffa8da46}</UniqueIdentifier>
    </Filter>
    <Filter Include="Battle">
      <UniqueIdentifier>{74de81d3-4e6f-4da7-b36c-d82a231e9fe3}</UniqueIdentifier>
    </Filter>
    <Filter Include="Battle\Unit">
      <UniqueIdentifier>{af2e3ee8-2b51-417b-bce9-0d67dad112b3}</UniqueIdentifier>
    </Filter>
    <Filter Include="System">
      <UniqueIdentifier>{8d9a43ea-4ab3-4382-b450-3354373e679f}</UniqueIdentifier>
    </Filter>
    <Filter Include="Battle\Item">
      <UniqueIdentifier>{27f345ca-ff3a-4d6d-990f-5b57973a6e96}</UniqueIdentifier>
    </Filter>
    <Filter Include="Battle\Map">
      <UniqueIdentifier>{2580ba1d-6e95-41a8-87a5-27b34d8b68fb}</UniqueIdentifier>
    </Filter>
    <Filter Include="Battle\System">
      <UniqueIdentifier>{15d64664-2792-4bb8-b633-3a6616ba2da7}</UniqueIdentifier>
    </Filter>
    <Filter Include="Battle\UI">
      <UniqueIdentifier>{3d975fc3-8cbd-491e-80f8-12502945f5bc}</UniqueIdentifier>
    </Filter>
    <Filter Include="Shader">
      <UniqueIdentifier>{8e923454-0fde-4bd2-b03a-267b15adf6a8}</UniqueIdentifier>
    </Filter>
    <Filter Include="Component">
      <UniqueIdentifier>{7d8beef9-bf1d-4335-9f1c-8b9602da55f6}</UniqueIdentifier>
    </Filter>
    <Filter Include="UI">
      <UniqueIdentifier>{5390e7d9-1648-4336-8256-76abc8484a4c}</UniqueIdentifier>
    </Filter>
    <Filter Include="Battle\Animation">
      <UniqueIdentifier>{75acbddf-1fed-49e6-8ee3-3c540b8221fb}</UniqueIdentifier>
    </Filter>
    <Filter Include="Levels\Stage">
      <UniqueIdentifier>{cfbdcba4-adfb-45c7-937f-9b690257739f}</UniqueIdentifier>
    </Filter>
    <Filter Include="Event">
      <UniqueIdentifier>{9e303086-c44f-44eb-b076-5482520234c4}</UniqueIdentifier>
    </Filter>
    <Filter Include="Battle\Animation\Level">
      <UniqueIdentifier>{9c0fa856-8975-4cb6-a317-404c0b211949}</UniqueIdentifier>
    </Filter>
    <Filter Include="Battle\Animation\UI">
      <UniqueIdentifier>{1f9c6bfb-8f98-43a4-890c-9c1a426e9a6b}</UniqueIdentifier>
    </Filter>
    <Filter Include="Battle\Animation\Actor">
      <UniqueIdentifier>{c2d074a2-807c-46ff-89d8-6a24e7b49370}</UniqueIdentifier>
    </Filter>
    <Filter Include="Battle\Map\UI">
      <UniqueIdentifier>{cfb97d26-e2f6-48b7-a7ae-9d5b99f6b3b8}</UniqueIdentifier>
    </Filter>
    <Filter Include="Battle\Map\Actor">
      <UniqueIdentifier>{e68c9da1-cbd8-44fe-92b9-06bad963f533}</UniqueIdentifier>
    </Filter>
    <Filter Include="Battle\System\Level">
      <UniqueIdentifier>{dfe69590-2665-4572-a663-cb5d928de40d}</UniqueIdentifier>
    </Filter>
    <Filter Include="Battle\System\Level\State">
      <UniqueIdentifier>{ccd37b53-084f-4d22-95c6-b346c75bc971}</UniqueIdentifier>
    </Filter>
    <Filter Include="Battle\UI\Battle">
      <UniqueIdentifier>{33726127-7d62-45f9-8ed8-27ae560b1199}</UniqueIdentifier>
    </Filter>
    <Filter Include="Battle\UI\BattleAnimation">
      <UniqueIdentifier>{e33c9d8e-8cfd-4f2a-a678-78d17924bacd}</UniqueIdentifier>
    </Filter>
    <Filter Include="Battle\UI\Information">
      <UniqueIdentifier>{1b59ffb3-246f-4ac4-b7d8-3c918286e089}</UniqueIdentifier>
    </Filter>
    <Filter Include="PostEffect">
      <UniqueIdentifier>{8742de81-9d42-4555-84f0-2bbb60f0f9e3}</UniqueIdentifier>
    </Filter>
    <Filter Include="UI\Text">
      <UniqueIdentifier>{f43c02ef-4cf2-45c3-987c-cca641ebd385}</UniqueIdentifier>
    </Filter>
    <Filter Include="Battle\UI\Store">
      <UniqueIdentifier>{f089fc03-9aed-4fd0-800c-d50aa7011bfa}</UniqueIdentifier>
    </Filter>
  </ItemGroup>
  <ItemGroup>
    <FxCompile Include="..\ContentResources\Shader\EffectPixelShader.hlsl">
      <Filter>Shader</Filter>
    </FxCompile>
    <FxCompile Include="..\ContentResources\Shader\FadeShader.hlsl">
      <Filter>Shader</Filter>
    </FxCompile>
  </ItemGroup>
</Project>