<?xml version="1.0" encoding="utf-8"?>
<Project ToolsVersion="4.0" xmlns="http://schemas.microsoft.com/developer/msbuild/2003">
  <ItemGroup>
    <ClCompile Include="FECore.cpp" />
    <ClCompile Include="PlayLevel.cpp">
      <Filter>Levels</Filter>
    </ClCompile>
    <ClCompile Include="TitleLevel.cpp">
      <Filter>Levels</Filter>
    </ClCompile>
    <ClCompile Include="BattleActor.cpp">
      <Filter>Battle</Filter>
    </ClCompile>
    <ClCompile Include="Unit.cpp">
      <Filter>Battle\Unit</Filter>
    </ClCompile>
    <ClCompile Include="Stat.cpp">
      <Filter>Battle\Unit</Filter>
    </ClCompile>
  </ItemGroup>
  <ItemGroup>
    <ClInclude Include="FECore.h" />
    <ClInclude Include="PlayLevel.h">
      <Filter>Levels</Filter>
    </ClInclude>
    <ClInclude Include="TitleLevel.h">
      <Filter>Levels</Filter>
    </ClInclude>
    <ClInclude Include="BattleActor.h">
      <Filter>Battle</Filter>
    </ClInclude>
    <ClInclude Include="Unit.h">
      <Filter>Battle\Unit</Filter>
    </ClInclude>
    <ClInclude Include="FERandom.h">
      <Filter>Battle</Filter>
    </ClInclude>
    <ClInclude Include="Stat.h">
      <Filter>Battle\Unit</Filter>
    </ClInclude>
  </ItemGroup>
  <ItemGroup>
    <Filter Include="Object">
      <UniqueIdentifier>{4cc6ab6f-c175-463c-8377-17cda5d0f23f}</UniqueIdentifier>
    </Filter>
    <Filter Include="Levels">
      <UniqueIdentifier>{b816690e-a0dd-45b5-b55c-a0c2ffa8da46}</UniqueIdentifier>
    </Filter>
    <Filter Include="Battle">
      <UniqueIdentifier>{74de81d3-4e6f-4da7-b36c-d82a231e9fe3}</UniqueIdentifier>
    </Filter>
    <Filter Include="Battle\Unit">
      <UniqueIdentifier>{af2e3ee8-2b51-417b-bce9-0d67dad112b3}</UniqueIdentifier>
    </Filter>
  </ItemGroup>
</Project>